
Microsoft Visual Studio Solution File, Format Version 12.00
# Visual Studio Version 17
VisualStudioVersion = 17.3.32929.385
MinimumVisualStudioVersion = 10.0.40219.1
Project("{9A19103F-16F7-4668-BE54-9A1E7A4F7556}") = "FStoreAPI", "FStoreAPI\FStoreAPI.csproj", "{6A89E3F8-0581-46E9-AD62-D99B79DB861E}"
EndProject
Project("{9A19103F-16F7-4668-BE54-9A1E7A4F7556}") = "BusinessAccess", "BusinessAccess\BusinessAccess.csproj", "{BEFFF71D-CD03-4401-82B5-9A54DFD50E95}"
EndProject
Project("{9A19103F-16F7-4668-BE54-9A1E7A4F7556}") = "DataAccess", "DataAccess\DataAccess.csproj", "{3D9D5A5A-B009-4DA4-B7DF-0C203E69E8B0}"
EndProject
Project("{9A19103F-16F7-4668-BE54-9A1E7A4F7556}") = "Security", "Security\Security.csproj", "{1DC02298-0993-47AB-AD06-B64A68D21350}"
EndProject
Project("{9A19103F-16F7-4668-BE54-9A1E7A4F7556}") = "Common", "Common\Common.csproj", "{3FD5FBB7-980F-43A8-A83A-DAA388AB2F34}"
EndProject
Global
	GlobalSection(SolutionConfigurationPlatforms) = preSolution
		Debug|Any CPU = Debug|Any CPU
		Release|Any CPU = Release|Any CPU
	EndGlobalSection
	GlobalSection(ProjectConfigurationPlatforms) = postSolution
		{6A89E3F8-0581-46E9-AD62-D99B79DB861E}.Debug|Any CPU.ActiveCfg = Debug|Any CPU
		{6A89E3F8-0581-46E9-AD62-D99B79DB861E}.Debug|Any CPU.Build.0 = Debug|Any CPU
		{6A89E3F8-0581-46E9-AD62-D99B79DB861E}.Release|Any CPU.ActiveCfg = Release|Any CPU
		{6A89E3F8-0581-46E9-AD62-D99B79DB861E}.Release|Any CPU.Build.0 = Release|Any CPU
		{BEFFF71D-CD03-4401-82B5-9A54DFD50E95}.Debug|Any CPU.ActiveCfg = Debug|Any CPU
		{BEFFF71D-CD03-4401-82B5-9A54DFD50E95}.Debug|Any CPU.Build.0 = Debug|Any CPU
		{BEFFF71D-CD03-4401-82B5-9A54DFD50E95}.Release|Any CPU.ActiveCfg = Release|Any CPU
		{BEFFF71D-CD03-4401-82B5-9A54DFD50E95}.Release|Any CPU.Build.0 = Release|Any CPU
		{3D9D5A5A-B009-4DA4-B7DF-0C203E69E8B0}.Debug|Any CPU.ActiveCfg = Debug|Any CPU
		{3D9D5A5A-B009-4DA4-B7DF-0C203E69E8B0}.Debug|Any CPU.Build.0 = Debug|Any CPU
		{3D9D5A5A-B009-4DA4-B7DF-0C203E69E8B0}.Release|Any CPU.ActiveCfg = Release|Any CPU
		{3D9D5A5A-B009-4DA4-B7DF-0C203E69E8B0}.Release|Any CPU.Build.0 = Release|Any CPU
		{1DC02298-0993-47AB-AD06-B64A68D21350}.Debug|Any CPU.ActiveCfg = Debug|Any CPU
		{1DC02298-0993-47AB-AD06-B64A68D21350}.Debug|Any CPU.Build.0 = Debug|Any CPU
		{1DC02298-0993-47AB-AD06-B64A68D21350}.Release|Any CPU.ActiveCfg = Release|Any CPU
		{1DC02298-0993-47AB-AD06-B64A68D21350}.Release|Any CPU.Build.0 = Release|Any CPU
		{3FD5FBB7-980F-43A8-A83A-DAA388AB2F34}.Debug|Any CPU.ActiveCfg = Debug|Any CPU
		{3FD5FBB7-980F-43A8-A83A-DAA388AB2F34}.Debug|Any CPU.Build.0 = Debug|Any CPU
		{3FD5FBB7-980F-43A8-A83A-DAA388AB2F34}.Release|Any CPU.ActiveCfg = Release|Any CPU
		{3FD5FBB7-980F-43A8-A83A-DAA388AB2F34}.Release|Any CPU.Build.0 = Release|Any CPU
	EndGlobalSection
	GlobalSection(SolutionProperties) = preSolution
		HideSolutionNode = FALSE
	EndGlobalSection
	GlobalSection(ExtensibilityGlobals) = postSolution
		SolutionGuid = {211595CA-81F0-4569-A967-CDAAA1280640}
	EndGlobalSection
EndGlobal
